
Microsoft Visual Studio Solution File, Format Version 12.00
# Visual Studio Version 16
VisualStudioVersion = 16.0.30413.136
MinimumVisualStudioVersion = 10.0.40219.1
Project("{159641D6-6404-4A2A-AE62-294DE0FE8301}") = "EDW_Snapshots", "EDW_Snapshots.dtproj", "{B04A641A-0B31-4F26-980B-87E98A57E912}"
EndProject
Global
	GlobalSection(SolutionConfigurationPlatforms) = preSolution
		Development|Default = Development|Default
	EndGlobalSection
	GlobalSection(ProjectConfigurationPlatforms) = postSolution
		{B04A641A-0B31-4F26-980B-87E98A57E912}.Development|Default.ActiveCfg = Development
		{B04A641A-0B31-4F26-980B-87E98A57E912}.Development|Default.Build.0 = Development
	EndGlobalSection
	GlobalSection(SolutionProperties) = preSolution
		HideSolutionNode = FALSE
	EndGlobalSection
	GlobalSection(ExtensibilityGlobals) = postSolution
		SolutionGuid = {3096207A-598B-4898-947D-D3156C2191D7}
	EndGlobalSection
EndGlobal
